
Microsoft Visual Studio Solution File, Format Version 12.00
# Visual Studio Version 17
VisualStudioVersion = 17.12.35527.113
MinimumVisualStudioVersion = 10.0.40219.1
Project("{FAE04EC0-301F-11D3-BF4B-00C04F79EFBC}") = "Kventin.WebApi", "Kventin.WebApi\Kventin.WebApi.csproj", "{303129FF-F470-4CBC-8EAD-E693D0BB4ADD}"
EndProject
Project("{FAE04EC0-301F-11D3-BF4B-00C04F79EFBC}") = "Kventin.DataAccess", "Kventin.Domain\Kventin.DataAccess.csproj", "{71F1737D-577B-4EA0-85C7-9CF46DD89615}"
EndProject
Project("{FAE04EC0-301F-11D3-BF4B-00C04F79EFBC}") = "Kventin.Services", "Kventin.Services\Kventin.Services.csproj", "{B69126B6-6EEE-4343-B11C-47CE516C1101}"
EndProject
Global
	GlobalSection(SolutionConfigurationPlatforms) = preSolution
		Debug|Any CPU = Debug|Any CPU
		Release|Any CPU = Release|Any CPU
	EndGlobalSection
	GlobalSection(ProjectConfigurationPlatforms) = postSolution
		{303129FF-F470-4CBC-8EAD-E693D0BB4ADD}.Debug|Any CPU.ActiveCfg = Debug|Any CPU
		{303129FF-F470-4CBC-8EAD-E693D0BB4ADD}.Debug|Any CPU.Build.0 = Debug|Any CPU
		{303129FF-F470-4CBC-8EAD-E693D0BB4ADD}.Release|Any CPU.ActiveCfg = Release|Any CPU
		{303129FF-F470-4CBC-8EAD-E693D0BB4ADD}.Release|Any CPU.Build.0 = Release|Any CPU
		{71F1737D-577B-4EA0-85C7-9CF46DD89615}.Debug|Any CPU.ActiveCfg = Debug|Any CPU
		{71F1737D-577B-4EA0-85C7-9CF46DD89615}.Debug|Any CPU.Build.0 = Debug|Any CPU
		{71F1737D-577B-4EA0-85C7-9CF46DD89615}.Release|Any CPU.ActiveCfg = Release|Any CPU
		{71F1737D-577B-4EA0-85C7-9CF46DD89615}.Release|Any CPU.Build.0 = Release|Any CPU
		{B69126B6-6EEE-4343-B11C-47CE516C1101}.Debug|Any CPU.ActiveCfg = Debug|Any CPU
		{B69126B6-6EEE-4343-B11C-47CE516C1101}.Debug|Any CPU.Build.0 = Debug|Any CPU
		{B69126B6-6EEE-4343-B11C-47CE516C1101}.Release|Any CPU.ActiveCfg = Release|Any CPU
		{B69126B6-6EEE-4343-B11C-47CE516C1101}.Release|Any CPU.Build.0 = Release|Any CPU
	EndGlobalSection
	GlobalSection(SolutionProperties) = preSolution
		HideSolutionNode = FALSE
	EndGlobalSection
EndGlobal
